
Microsoft Visual Studio Solution File, Format Version 12.00
# Visual Studio Version 17
VisualStudioVersion = 17.11.35327.3
MinimumVisualStudioVersion = 10.0.40219.1
Project("{9A19103F-16F7-4668-BE54-9A1E7A4F7556}") = "ConsoleApp2", "ConsoleApp2.csproj", "{3A4ADFA6-D221-4D45-8405-D04BF4ADC28E}"
EndProject
Global
	GlobalSection(SolutionConfigurationPlatforms) = preSolution
		Debug|Any CPU = Debug|Any CPU
		Release|Any CPU = Release|Any CPU
	EndGlobalSection
	GlobalSection(ProjectConfigurationPlatforms) = postSolution
		{3A4ADFA6-D221-4D45-8405-D04BF4ADC28E}.Debug|Any CPU.ActiveCfg = Debug|Any CPU
		{3A4ADFA6-D221-4D45-8405-D04BF4ADC28E}.Debug|Any CPU.Build.0 = Debug|Any CPU
		{3A4ADFA6-D221-4D45-8405-D04BF4ADC28E}.Release|Any CPU.ActiveCfg = Release|Any CPU
		{3A4ADFA6-D221-4D45-8405-D04BF4ADC28E}.Release|Any CPU.Build.0 = Release|Any CPU
	EndGlobalSection
	GlobalSection(SolutionProperties) = preSolution
		HideSolutionNode = FALSE
	EndGlobalSection
	GlobalSection(ExtensibilityGlobals) = postSolution
		SolutionGuid = {C6738D60-A92F-4E9F-8B7B-58E2FC90BFEC}
	EndGlobalSection
EndGlobal
